
Microsoft Visual Studio Solution File, Format Version 12.00
# Visual Studio Version 16
VisualStudioVersion = 16.0.30717.126
MinimumVisualStudioVersion = 10.0.40219.1
Project("{FAE04EC0-301F-11D3-BF4B-00C04F79EFBC}") = "AgeToSecondsCalculator", "AgeToSecondsCalculator\AgeToSecondsCalculator.csproj", "{39781B7F-D19D-40A2-A370-C72A3DD68C2B}"
EndProject
Global
	GlobalSection(SolutionConfigurationPlatforms) = preSolution
		Debug|Any CPU = Debug|Any CPU
		Release|Any CPU = Release|Any CPU
	EndGlobalSection
	GlobalSection(ProjectConfigurationPlatforms) = postSolution
		{39781B7F-D19D-40A2-A370-C72A3DD68C2B}.Debug|Any CPU.ActiveCfg = Debug|Any CPU
		{39781B7F-D19D-40A2-A370-C72A3DD68C2B}.Debug|Any CPU.Build.0 = Debug|Any CPU
		{39781B7F-D19D-40A2-A370-C72A3DD68C2B}.Release|Any CPU.ActiveCfg = Release|Any CPU
		{39781B7F-D19D-40A2-A370-C72A3DD68C2B}.Release|Any CPU.Build.0 = Release|Any CPU
	EndGlobalSection
	GlobalSection(SolutionProperties) = preSolution
		HideSolutionNode = FALSE
	EndGlobalSection
	GlobalSection(ExtensibilityGlobals) = postSolution
		SolutionGuid = {DF7FA982-3D96-4D44-9E9F-324229AA9636}
	EndGlobalSection
EndGlobal
